// !$*UTF8*$!
{
	archiveVersion = 1;
	classes = {
	};
	objectVersion = 51;
	objects = {

/* Begin PBXBuildFile section */
		02FF8C409428BA92CD42BC3B /* Pods_Filterit.framework in Frameworks */ = {isa = PBXBuildFile; fileRef = FD45B0BE09596652E5909618 /* Pods_Filterit.framework */; };
		85D9F4F9FCB6C99EDDCD0BE4 /* Pods_FilteritTests.framework in Frameworks */ = {isa = PBXBuildFile; fileRef = 9A560D2B91A606971778D494 /* Pods_FilteritTests.framework */; };
		CA31D4EC2398B0B400232291 /* ArtworkWrapper.swift in Sources */ = {isa = PBXBuildFile; fileRef = CA31D4EB2398B0B400232291 /* ArtworkWrapper.swift */; };
		CA31D4EE239A5C5B00232291 /* ArtworkWrapperTests.swift in Sources */ = {isa = PBXBuildFile; fileRef = CA31D4ED239A5C5B00232291 /* ArtworkWrapperTests.swift */; };
		CA31D4F2239A663900232291 /* Filterit.xcdatamodeld in Sources */ = {isa = PBXBuildFile; fileRef = CA4F1BBA233A281500DDBECB /* Filterit.xcdatamodeld */; };
		CA466EBB23425065009C8BB7 /* ApplyFilterViewController.swift in Sources */ = {isa = PBXBuildFile; fileRef = CA466EBA23425065009C8BB7 /* ApplyFilterViewController.swift */; };
		CA4F1BB2233A281500DDBECB /* AppDelegate.swift in Sources */ = {isa = PBXBuildFile; fileRef = CA4F1BB1233A281500DDBECB /* AppDelegate.swift */; };
		CA4F1BB4233A281500DDBECB /* SceneDelegate.swift in Sources */ = {isa = PBXBuildFile; fileRef = CA4F1BB3233A281500DDBECB /* SceneDelegate.swift */; };
		CA4F1BB6233A281500DDBECB /* NetworkImageSelectViewController.swift in Sources */ = {isa = PBXBuildFile; fileRef = CA4F1BB5233A281500DDBECB /* NetworkImageSelectViewController.swift */; };
		CA4F1BB9233A281500DDBECB /* Main.storyboard in Resources */ = {isa = PBXBuildFile; fileRef = CA4F1BB7233A281500DDBECB /* Main.storyboard */; };
		CA4F1BBC233A281500DDBECB /* Filterit.xcdatamodeld in Sources */ = {isa = PBXBuildFile; fileRef = CA4F1BBA233A281500DDBECB /* Filterit.xcdatamodeld */; };
		CA4F1BBE233A281600DDBECB /* Assets.xcassets in Resources */ = {isa = PBXBuildFile; fileRef = CA4F1BBD233A281600DDBECB /* Assets.xcassets */; };
		CA4F1BC1233A281600DDBECB /* LaunchScreen.storyboard in Resources */ = {isa = PBXBuildFile; fileRef = CA4F1BBF233A281600DDBECB /* LaunchScreen.storyboard */; };
		CA4F1BDF233A53B500DDBECB /* APIManager.swift in Sources */ = {isa = PBXBuildFile; fileRef = CA4F1BDE233A53B500DDBECB /* APIManager.swift */; };
		CA4F1BE1233A558B00DDBECB /* Image.swift in Sources */ = {isa = PBXBuildFile; fileRef = CA4F1BE0233A558B00DDBECB /* Image.swift */; };
		CA4F1BE3233A589600DDBECB /* CommsTests.swift in Sources */ = {isa = PBXBuildFile; fileRef = CA4F1BE2233A589600DDBECB /* CommsTests.swift */; };
		CA51939E234F4A9B00403122 /* FilterType.swift in Sources */ = {isa = PBXBuildFile; fileRef = CA51939D234F4A9B00403122 /* FilterType.swift */; };
		CA5193A0234F67A900403122 /* FilterTests.swift in Sources */ = {isa = PBXBuildFile; fileRef = CA51939F234F67A900403122 /* FilterTests.swift */; };
		CA5193A1234F683100403122 /* Assets.xcassets in Resources */ = {isa = PBXBuildFile; fileRef = CA4F1BBD233A281600DDBECB /* Assets.xcassets */; };
		CA59EB4C234CE11F00AA2721 /* Colors.xcassets in Resources */ = {isa = PBXBuildFile; fileRef = CA59EB4B234CE11F00AA2721 /* Colors.xcassets */; };
		CA84C4C223CE177B00ECF276 /* LibraryViewController.swift in Sources */ = {isa = PBXBuildFile; fileRef = CA84C4C123CE177B00ECF276 /* LibraryViewController.swift */; };
		CA920C3423741FF20086484D /* Localizable.strings in Resources */ = {isa = PBXBuildFile; fileRef = CA920C3223741FF20086484D /* Localizable.strings */; };
		CA9F05C3235B1D1200294CEC /* ImageApprovalViewController.swift in Sources */ = {isa = PBXBuildFile; fileRef = CA9F05C2235B1D1200294CEC /* ImageApprovalViewController.swift */; };
		CAAA56F223410EDB007FFA98 /* WelcomeViewController.swift in Sources */ = {isa = PBXBuildFile; fileRef = CAAA56F123410EDB007FFA98 /* WelcomeViewController.swift */; };
		CABB8FD126BD4EC800B1A2BC /* ZoomBlurFilter.swift in Sources */ = {isa = PBXBuildFile; fileRef = CABB8FD026BD4EC800B1A2BC /* ZoomBlurFilter.swift */; };
		CABB8FD626BD4F0600B1A2BC /* ColourInvertFilter.swift in Sources */ = {isa = PBXBuildFile; fileRef = CABB8FD226BD4F0600B1A2BC /* ColourInvertFilter.swift */; };
		CABB8FD726BD4F0600B1A2BC /* SepiaFilter.swift in Sources */ = {isa = PBXBuildFile; fileRef = CABB8FD326BD4F0600B1A2BC /* SepiaFilter.swift */; };
		CABB8FD826BD4F0600B1A2BC /* NoneFilter.swift in Sources */ = {isa = PBXBuildFile; fileRef = CABB8FD426BD4F0600B1A2BC /* NoneFilter.swift */; };
		CABB8FD926BD4F0600B1A2BC /* VignetteFilter.swift in Sources */ = {isa = PBXBuildFile; fileRef = CABB8FD526BD4F0600B1A2BC /* VignetteFilter.swift */; };
		CABB8FDB26BD542900B1A2BC /* NoirFilter.swift in Sources */ = {isa = PBXBuildFile; fileRef = CABB8FDA26BD542900B1A2BC /* NoirFilter.swift */; };
		CABB8FDE26BD549F00B1A2BC /* PosterizeFilter.swift in Sources */ = {isa = PBXBuildFile; fileRef = CABB8FDC26BD549F00B1A2BC /* PosterizeFilter.swift */; };
		CABB8FDF26BD549F00B1A2BC /* HueShiftFilter.swift in Sources */ = {isa = PBXBuildFile; fileRef = CABB8FDD26BD549F00B1A2BC /* HueShiftFilter.swift */; };
		CABBCC7625D06B8700A8CA1B /* FilterList.swift in Sources */ = {isa = PBXBuildFile; fileRef = CABBCC7525D06B8700A8CA1B /* FilterList.swift */; };
		CAC41A6624F40AA8009C1E8D /* ShowArtworkViewController.swift in Sources */ = {isa = PBXBuildFile; fileRef = CAC41A6524F40AA8009C1E8D /* ShowArtworkViewController.swift */; };
		CAC6C2B3238C310D0039711C /* FilterTypeViewModel.swift in Sources */ = {isa = PBXBuildFile; fileRef = CAC6C2B2238C310D0039711C /* FilterTypeViewModel.swift */; };
		CAC6C2B6238C76A70039711C /* FilterGraph.swift in Sources */ = {isa = PBXBuildFile; fileRef = CAC6C2B5238C76A70039711C /* FilterGraph.swift */; };
		CACDCC56234381A1005434FB /* SaveDialog.swift in Sources */ = {isa = PBXBuildFile; fileRef = CACDCC55234381A1005434FB /* SaveDialog.swift */; };
/* End PBXBuildFile section */

/* Begin PBXContainerItemProxy section */
		CA4F1BC8233A281700DDBECB /* PBXContainerItemProxy */ = {
			isa = PBXContainerItemProxy;
			containerPortal = CA4F1BA6233A281400DDBECB /* Project object */;
			proxyType = 1;
			remoteGlobalIDString = CA4F1BAD233A281400DDBECB;
			remoteInfo = StockFilter;
		};
/* End PBXContainerItemProxy section */

/* Begin PBXFileReference section */
		635C957DAA45258E2F75F381 /* Pods-FilteritTests.debug.xcconfig */ = {isa = PBXFileReference; includeInIndex = 1; lastKnownFileType = text.xcconfig; name = "Pods-FilteritTests.debug.xcconfig"; path = "Target Support Files/Pods-FilteritTests/Pods-FilteritTests.debug.xcconfig"; sourceTree = "<group>"; };
		812D9D19F91F74D7FCA635DC /* Pods-FilteritTests.release.xcconfig */ = {isa = PBXFileReference; includeInIndex = 1; lastKnownFileType = text.xcconfig; name = "Pods-FilteritTests.release.xcconfig"; path = "Target Support Files/Pods-FilteritTests/Pods-FilteritTests.release.xcconfig"; sourceTree = "<group>"; };
		9A560D2B91A606971778D494 /* Pods_FilteritTests.framework */ = {isa = PBXFileReference; explicitFileType = wrapper.framework; includeInIndex = 0; path = Pods_FilteritTests.framework; sourceTree = BUILT_PRODUCTS_DIR; };
		C7645A5BD639CEED2EAE796B /* Pods-Filterit.debug.xcconfig */ = {isa = PBXFileReference; includeInIndex = 1; lastKnownFileType = text.xcconfig; name = "Pods-Filterit.debug.xcconfig"; path = "Target Support Files/Pods-Filterit/Pods-Filterit.debug.xcconfig"; sourceTree = "<group>"; };
		CA31D4EB2398B0B400232291 /* ArtworkWrapper.swift */ = {isa = PBXFileReference; lastKnownFileType = sourcecode.swift; path = ArtworkWrapper.swift; sourceTree = "<group>"; };
		CA31D4ED239A5C5B00232291 /* ArtworkWrapperTests.swift */ = {isa = PBXFileReference; lastKnownFileType = sourcecode.swift; path = ArtworkWrapperTests.swift; sourceTree = "<group>"; };
		CA466EBA23425065009C8BB7 /* ApplyFilterViewController.swift */ = {isa = PBXFileReference; lastKnownFileType = sourcecode.swift; path = ApplyFilterViewController.swift; sourceTree = "<group>"; };
		CA4F1BAE233A281500DDBECB /* Filterit.app */ = {isa = PBXFileReference; explicitFileType = wrapper.application; includeInIndex = 0; path = Filterit.app; sourceTree = BUILT_PRODUCTS_DIR; };
		CA4F1BB1233A281500DDBECB /* AppDelegate.swift */ = {isa = PBXFileReference; lastKnownFileType = sourcecode.swift; path = AppDelegate.swift; sourceTree = "<group>"; };
		CA4F1BB3233A281500DDBECB /* SceneDelegate.swift */ = {isa = PBXFileReference; lastKnownFileType = sourcecode.swift; path = SceneDelegate.swift; sourceTree = "<group>"; };
		CA4F1BB5233A281500DDBECB /* NetworkImageSelectViewController.swift */ = {isa = PBXFileReference; lastKnownFileType = sourcecode.swift; path = NetworkImageSelectViewController.swift; sourceTree = "<group>"; };
		CA4F1BB8233A281500DDBECB /* Base */ = {isa = PBXFileReference; lastKnownFileType = file.storyboard; name = Base; path = Base.lproj/Main.storyboard; sourceTree = "<group>"; };
		CA4F1BBB233A281500DDBECB /* StockFilter.xcdatamodel */ = {isa = PBXFileReference; lastKnownFileType = wrapper.xcdatamodel; path = StockFilter.xcdatamodel; sourceTree = "<group>"; };
		CA4F1BBD233A281600DDBECB /* Assets.xcassets */ = {isa = PBXFileReference; lastKnownFileType = folder.assetcatalog; path = Assets.xcassets; sourceTree = "<group>"; };
		CA4F1BC0233A281600DDBECB /* Base */ = {isa = PBXFileReference; lastKnownFileType = file.storyboard; name = Base; path = Base.lproj/LaunchScreen.storyboard; sourceTree = "<group>"; };
		CA4F1BC2233A281600DDBECB /* Info.plist */ = {isa = PBXFileReference; lastKnownFileType = text.plist.xml; path = Info.plist; sourceTree = "<group>"; };
		CA4F1BC7233A281700DDBECB /* FilteritTests.xctest */ = {isa = PBXFileReference; explicitFileType = wrapper.cfbundle; includeInIndex = 0; path = FilteritTests.xctest; sourceTree = BUILT_PRODUCTS_DIR; };
		CA4F1BCD233A281700DDBECB /* Info.plist */ = {isa = PBXFileReference; lastKnownFileType = text.plist.xml; path = Info.plist; sourceTree = "<group>"; };
		CA4F1BDE233A53B500DDBECB /* APIManager.swift */ = {isa = PBXFileReference; lastKnownFileType = sourcecode.swift; path = APIManager.swift; sourceTree = "<group>"; };
		CA4F1BE0233A558B00DDBECB /* Image.swift */ = {isa = PBXFileReference; lastKnownFileType = sourcecode.swift; path = Image.swift; sourceTree = "<group>"; };
		CA4F1BE2233A589600DDBECB /* CommsTests.swift */ = {isa = PBXFileReference; lastKnownFileType = sourcecode.swift; path = CommsTests.swift; sourceTree = "<group>"; };
		CA51939D234F4A9B00403122 /* FilterType.swift */ = {isa = PBXFileReference; lastKnownFileType = sourcecode.swift; path = FilterType.swift; sourceTree = "<group>"; };
		CA51939F234F67A900403122 /* FilterTests.swift */ = {isa = PBXFileReference; lastKnownFileType = sourcecode.swift; path = FilterTests.swift; sourceTree = "<group>"; };
		CA59EB4B234CE11F00AA2721 /* Colors.xcassets */ = {isa = PBXFileReference; lastKnownFileType = folder.assetcatalog; path = Colors.xcassets; sourceTree = "<group>"; };
		CA84C4C123CE177B00ECF276 /* LibraryViewController.swift */ = {isa = PBXFileReference; lastKnownFileType = sourcecode.swift; path = LibraryViewController.swift; sourceTree = "<group>"; };
		CA920C3323741FF20086484D /* Base */ = {isa = PBXFileReference; lastKnownFileType = text.plist.strings; name = Base; path = Base.lproj/Localizable.strings; sourceTree = "<group>"; };
		CA9F05C2235B1D1200294CEC /* ImageApprovalViewController.swift */ = {isa = PBXFileReference; lastKnownFileType = sourcecode.swift; path = ImageApprovalViewController.swift; sourceTree = "<group>"; };
		CAAA56F123410EDB007FFA98 /* WelcomeViewController.swift */ = {isa = PBXFileReference; lastKnownFileType = sourcecode.swift; path = WelcomeViewController.swift; sourceTree = "<group>"; };
		CABB8FD026BD4EC800B1A2BC /* ZoomBlurFilter.swift */ = {isa = PBXFileReference; lastKnownFileType = sourcecode.swift; path = ZoomBlurFilter.swift; sourceTree = "<group>"; };
		CABB8FD226BD4F0600B1A2BC /* ColourInvertFilter.swift */ = {isa = PBXFileReference; fileEncoding = 4; lastKnownFileType = sourcecode.swift; path = ColourInvertFilter.swift; sourceTree = "<group>"; };
		CABB8FD326BD4F0600B1A2BC /* SepiaFilter.swift */ = {isa = PBXFileReference; fileEncoding = 4; lastKnownFileType = sourcecode.swift; path = SepiaFilter.swift; sourceTree = "<group>"; };
		CABB8FD426BD4F0600B1A2BC /* NoneFilter.swift */ = {isa = PBXFileReference; fileEncoding = 4; lastKnownFileType = sourcecode.swift; path = NoneFilter.swift; sourceTree = "<group>"; };
		CABB8FD526BD4F0600B1A2BC /* VignetteFilter.swift */ = {isa = PBXFileReference; fileEncoding = 4; lastKnownFileType = sourcecode.swift; path = VignetteFilter.swift; sourceTree = "<group>"; };
		CABB8FDA26BD542900B1A2BC /* NoirFilter.swift */ = {isa = PBXFileReference; lastKnownFileType = sourcecode.swift; path = NoirFilter.swift; sourceTree = "<group>"; };
		CABB8FDC26BD549F00B1A2BC /* PosterizeFilter.swift */ = {isa = PBXFileReference; fileEncoding = 4; lastKnownFileType = sourcecode.swift; path = PosterizeFilter.swift; sourceTree = "<group>"; };
		CABB8FDD26BD549F00B1A2BC /* HueShiftFilter.swift */ = {isa = PBXFileReference; fileEncoding = 4; lastKnownFileType = sourcecode.swift; path = HueShiftFilter.swift; sourceTree = "<group>"; };
		CABBCC7525D06B8700A8CA1B /* FilterList.swift */ = {isa = PBXFileReference; lastKnownFileType = sourcecode.swift; path = FilterList.swift; sourceTree = "<group>"; };
		CAC41A6524F40AA8009C1E8D /* ShowArtworkViewController.swift */ = {isa = PBXFileReference; lastKnownFileType = sourcecode.swift; path = ShowArtworkViewController.swift; sourceTree = "<group>"; };
		CAC6C2B2238C310D0039711C /* FilterTypeViewModel.swift */ = {isa = PBXFileReference; lastKnownFileType = sourcecode.swift; path = FilterTypeViewModel.swift; sourceTree = "<group>"; };
		CAC6C2B5238C76A70039711C /* FilterGraph.swift */ = {isa = PBXFileReference; lastKnownFileType = sourcecode.swift; path = FilterGraph.swift; sourceTree = "<group>"; };
		CACDCC55234381A1005434FB /* SaveDialog.swift */ = {isa = PBXFileReference; lastKnownFileType = sourcecode.swift; path = SaveDialog.swift; sourceTree = "<group>"; };
		CE3C0DAD85F40B827F176898 /* Pods-Filterit.release.xcconfig */ = {isa = PBXFileReference; includeInIndex = 1; lastKnownFileType = text.xcconfig; name = "Pods-Filterit.release.xcconfig"; path = "Target Support Files/Pods-Filterit/Pods-Filterit.release.xcconfig"; sourceTree = "<group>"; };
		FD45B0BE09596652E5909618 /* Pods_Filterit.framework */ = {isa = PBXFileReference; explicitFileType = wrapper.framework; includeInIndex = 0; path = Pods_Filterit.framework; sourceTree = BUILT_PRODUCTS_DIR; };
/* End PBXFileReference section */

/* Begin PBXFrameworksBuildPhase section */
		CA4F1BAB233A281400DDBECB /* Frameworks */ = {
			isa = PBXFrameworksBuildPhase;
			buildActionMask = 2147483647;
			files = (
				02FF8C409428BA92CD42BC3B /* Pods_Filterit.framework in Frameworks */,
			);
			runOnlyForDeploymentPostprocessing = 0;
		};
		CA4F1BC4233A281700DDBECB /* Frameworks */ = {
			isa = PBXFrameworksBuildPhase;
			buildActionMask = 2147483647;
			files = (
				85D9F4F9FCB6C99EDDCD0BE4 /* Pods_FilteritTests.framework in Frameworks */,
			);
			runOnlyForDeploymentPostprocessing = 0;
		};
/* End PBXFrameworksBuildPhase section */

/* Begin PBXGroup section */
		AC73A7225CD0EE7777B118A7 /* Pods */ = {
			isa = PBXGroup;
			children = (
				C7645A5BD639CEED2EAE796B /* Pods-Filterit.debug.xcconfig */,
				CE3C0DAD85F40B827F176898 /* Pods-Filterit.release.xcconfig */,
				635C957DAA45258E2F75F381 /* Pods-FilteritTests.debug.xcconfig */,
				812D9D19F91F74D7FCA635DC /* Pods-FilteritTests.release.xcconfig */,
			);
			path = Pods;
			sourceTree = "<group>";
		};
		CA31D4EA2398B09600232291 /* CoreDataWrappers */ = {
			isa = PBXGroup;
			children = (
				CA31D4EB2398B0B400232291 /* ArtworkWrapper.swift */,
			);
			path = CoreDataWrappers;
			sourceTree = "<group>";
		};
		CA4F1BA5233A281400DDBECB = {
			isa = PBXGroup;
			children = (
				CA4F1BB0233A281500DDBECB /* Filterit */,
				CA4F1BCA233A281700DDBECB /* FilteritTests */,
				CA4F1BAF233A281500DDBECB /* Products */,
				AC73A7225CD0EE7777B118A7 /* Pods */,
				F9FDA704BC65E123D32BC6C6 /* Frameworks */,
			);
			sourceTree = "<group>";
		};
		CA4F1BAF233A281500DDBECB /* Products */ = {
			isa = PBXGroup;
			children = (
				CA4F1BAE233A281500DDBECB /* Filterit.app */,
				CA4F1BC7233A281700DDBECB /* FilteritTests.xctest */,
			);
			name = Products;
			sourceTree = "<group>";
		};
		CA4F1BB0233A281500DDBECB /* Filterit */ = {
			isa = PBXGroup;
			children = (
				CA4F1BB1233A281500DDBECB /* AppDelegate.swift */,
				CA4F1BB3233A281500DDBECB /* SceneDelegate.swift */,
				CA31D4EA2398B09600232291 /* CoreDataWrappers */,
				CA51939C234F4A8600403122 /* Filter */,
				CACDCC5823439547005434FB /* UI */,
				CA4F1BDB233A539200DDBECB /* Comms */,
				CA4F1BB7233A281500DDBECB /* Main.storyboard */,
				CA920C3223741FF20086484D /* Localizable.strings */,
				CA4F1BBD233A281600DDBECB /* Assets.xcassets */,
				CA59EB4B234CE11F00AA2721 /* Colors.xcassets */,
				CA4F1BBF233A281600DDBECB /* LaunchScreen.storyboard */,
				CA4F1BC2233A281600DDBECB /* Info.plist */,
				CA4F1BBA233A281500DDBECB /* Filterit.xcdatamodeld */,
			);
			path = Filterit;
			sourceTree = "<group>";
		};
		CA4F1BCA233A281700DDBECB /* FilteritTests */ = {
			isa = PBXGroup;
			children = (
				CA31D4ED239A5C5B00232291 /* ArtworkWrapperTests.swift */,
				CA4F1BE2233A589600DDBECB /* CommsTests.swift */,
				CA51939F234F67A900403122 /* FilterTests.swift */,
				CA4F1BCD233A281700DDBECB /* Info.plist */,
			);
			path = FilteritTests;
			sourceTree = "<group>";
		};
		CA4F1BDB233A539200DDBECB /* Comms */ = {
			isa = PBXGroup;
			children = (
				CA4F1BDE233A53B500DDBECB /* APIManager.swift */,
				CA4F1BE0233A558B00DDBECB /* Image.swift */,
			);
			path = Comms;
			sourceTree = "<group>";
		};
		CA51939C234F4A8600403122 /* Filter */ = {
			isa = PBXGroup;
			children = (
				CABB8FCF26BD4EAF00B1A2BC /* Types */,
				CABBCC7525D06B8700A8CA1B /* FilterList.swift */,
				CA51939D234F4A9B00403122 /* FilterType.swift */,
				CAC6C2B5238C76A70039711C /* FilterGraph.swift */,
				CAC6C2B2238C310D0039711C /* FilterTypeViewModel.swift */,
			);
			path = Filter;
			sourceTree = "<group>";
		};
		CABB8FCF26BD4EAF00B1A2BC /* Types */ = {
			isa = PBXGroup;
			children = (
				CABB8FD226BD4F0600B1A2BC /* ColourInvertFilter.swift */,
				CABB8FDD26BD549F00B1A2BC /* HueShiftFilter.swift */,
				CABB8FDA26BD542900B1A2BC /* NoirFilter.swift */,
				CABB8FD426BD4F0600B1A2BC /* NoneFilter.swift */,
				CABB8FDC26BD549F00B1A2BC /* PosterizeFilter.swift */,
				CABB8FD326BD4F0600B1A2BC /* SepiaFilter.swift */,
				CABB8FD526BD4F0600B1A2BC /* VignetteFilter.swift */,
				CABB8FD026BD4EC800B1A2BC /* ZoomBlurFilter.swift */,
			);
			path = Types;
			sourceTree = "<group>";
		};
		CACDCC5823439547005434FB /* UI */ = {
			isa = PBXGroup;
			children = (
				CA466EBA23425065009C8BB7 /* ApplyFilterViewController.swift */,
				CA9F05C2235B1D1200294CEC /* ImageApprovalViewController.swift */,
				CA84C4C123CE177B00ECF276 /* LibraryViewController.swift */,
				CA4F1BB5233A281500DDBECB /* NetworkImageSelectViewController.swift */,
				CACDCC55234381A1005434FB /* SaveDialog.swift */,
				CAC41A6524F40AA8009C1E8D /* ShowArtworkViewController.swift */,
				CAAA56F123410EDB007FFA98 /* WelcomeViewController.swift */,
			);
			path = UI;
			sourceTree = "<group>";
		};
		F9FDA704BC65E123D32BC6C6 /* Frameworks */ = {
			isa = PBXGroup;
			children = (
				FD45B0BE09596652E5909618 /* Pods_Filterit.framework */,
				9A560D2B91A606971778D494 /* Pods_FilteritTests.framework */,
			);
			name = Frameworks;
			sourceTree = "<group>";
		};
/* End PBXGroup section */

/* Begin PBXNativeTarget section */
		CA4F1BAD233A281400DDBECB /* Filterit */ = {
			isa = PBXNativeTarget;
			buildConfigurationList = CA4F1BD0233A281700DDBECB /* Build configuration list for PBXNativeTarget "Filterit" */;
			buildPhases = (
				9720131974EF3A73C9D62347 /* [CP] Check Pods Manifest.lock */,
				CA4F1BAA233A281400DDBECB /* Sources */,
				CA4F1BAB233A281400DDBECB /* Frameworks */,
				CA4F1BAC233A281400DDBECB /* Resources */,
				7DDC06F0A2D3EFEC23208B50 /* [CP] Embed Pods Frameworks */,
			);
			buildRules = (
			);
			dependencies = (
			);
			name = Filterit;
			packageProductDependencies = (
			);
			productName = StockFilter;
			productReference = CA4F1BAE233A281500DDBECB /* Filterit.app */;
			productType = "com.apple.product-type.application";
		};
		CA4F1BC6233A281700DDBECB /* FilteritTests */ = {
			isa = PBXNativeTarget;
			buildConfigurationList = CA4F1BD3233A281700DDBECB /* Build configuration list for PBXNativeTarget "FilteritTests" */;
			buildPhases = (
				EE01F3A53A2512BD005DEB3B /* [CP] Check Pods Manifest.lock */,
				CA4F1BC3233A281700DDBECB /* Sources */,
				CA4F1BC4233A281700DDBECB /* Frameworks */,
				CA4F1BC5233A281700DDBECB /* Resources */,
			);
			buildRules = (
			);
			dependencies = (
				CA4F1BC9233A281700DDBECB /* PBXTargetDependency */,
			);
			name = FilteritTests;
			productName = StockFilterTests;
			productReference = CA4F1BC7233A281700DDBECB /* FilteritTests.xctest */;
			productType = "com.apple.product-type.bundle.unit-test";
		};
/* End PBXNativeTarget section */

/* Begin PBXProject section */
		CA4F1BA6233A281400DDBECB /* Project object */ = {
			isa = PBXProject;
			attributes = {
				LastSwiftUpdateCheck = 1100;
				LastUpgradeCheck = 1230;
				ORGANIZATIONNAME = "Mete Cakman";
				TargetAttributes = {
					CA4F1BAD233A281400DDBECB = {
						CreatedOnToolsVersion = 11.0;
					};
					CA4F1BC6233A281700DDBECB = {
						CreatedOnToolsVersion = 11.0;
						TestTargetID = CA4F1BAD233A281400DDBECB;
					};
				};
			};
			buildConfigurationList = CA4F1BA9233A281400DDBECB /* Build configuration list for PBXProject "Filterit" */;
			compatibilityVersion = "Xcode 9.3";
			developmentRegion = en;
			hasScannedForEncodings = 0;
			knownRegions = (
				en,
				Base,
			);
			mainGroup = CA4F1BA5233A281400DDBECB;
			packageReferences = (
			);
			productRefGroup = CA4F1BAF233A281500DDBECB /* Products */;
			projectDirPath = "";
			projectRoot = "";
			targets = (
				CA4F1BAD233A281400DDBECB /* Filterit */,
				CA4F1BC6233A281700DDBECB /* FilteritTests */,
			);
		};
/* End PBXProject section */

/* Begin PBXResourcesBuildPhase section */
		CA4F1BAC233A281400DDBECB /* Resources */ = {
			isa = PBXResourcesBuildPhase;
			buildActionMask = 2147483647;
			files = (
				CA920C3423741FF20086484D /* Localizable.strings in Resources */,
				CA4F1BC1233A281600DDBECB /* LaunchScreen.storyboard in Resources */,
				CA59EB4C234CE11F00AA2721 /* Colors.xcassets in Resources */,
				CA4F1BBE233A281600DDBECB /* Assets.xcassets in Resources */,
				CA4F1BB9233A281500DDBECB /* Main.storyboard in Resources */,
			);
			runOnlyForDeploymentPostprocessing = 0;
		};
		CA4F1BC5233A281700DDBECB /* Resources */ = {
			isa = PBXResourcesBuildPhase;
			buildActionMask = 2147483647;
			files = (
				CA5193A1234F683100403122 /* Assets.xcassets in Resources */,
			);
			runOnlyForDeploymentPostprocessing = 0;
		};
/* End PBXResourcesBuildPhase section */

/* Begin PBXShellScriptBuildPhase section */
		7DDC06F0A2D3EFEC23208B50 /* [CP] Embed Pods Frameworks */ = {
			isa = PBXShellScriptBuildPhase;
			buildActionMask = 2147483647;
			files = (
			);
			inputFileListPaths = (
				"${PODS_ROOT}/Target Support Files/Pods-Filterit/Pods-Filterit-frameworks-${CONFIGURATION}-input-files.xcfilelist",
			);
			name = "[CP] Embed Pods Frameworks";
			outputFileListPaths = (
				"${PODS_ROOT}/Target Support Files/Pods-Filterit/Pods-Filterit-frameworks-${CONFIGURATION}-output-files.xcfilelist",
			);
			runOnlyForDeploymentPostprocessing = 0;
			shellPath = /bin/sh;
			shellScript = "\"${PODS_ROOT}/Target Support Files/Pods-Filterit/Pods-Filterit-frameworks.sh\"\n";
			showEnvVarsInLog = 0;
		};
		9720131974EF3A73C9D62347 /* [CP] Check Pods Manifest.lock */ = {
			isa = PBXShellScriptBuildPhase;
			buildActionMask = 2147483647;
			files = (
			);
			inputFileListPaths = (
			);
			inputPaths = (
				"${PODS_PODFILE_DIR_PATH}/Podfile.lock",
				"${PODS_ROOT}/Manifest.lock",
			);
			name = "[CP] Check Pods Manifest.lock";
			outputFileListPaths = (
			);
			outputPaths = (
				"$(DERIVED_FILE_DIR)/Pods-Filterit-checkManifestLockResult.txt",
			);
			runOnlyForDeploymentPostprocessing = 0;
			shellPath = /bin/sh;
			shellScript = "diff \"${PODS_PODFILE_DIR_PATH}/Podfile.lock\" \"${PODS_ROOT}/Manifest.lock\" > /dev/null\nif [ $? != 0 ] ; then\n    # print error to STDERR\n    echo \"error: The sandbox is not in sync with the Podfile.lock. Run 'pod install' or update your CocoaPods installation.\" >&2\n    exit 1\nfi\n# This output is used by Xcode 'outputs' to avoid re-running this script phase.\necho \"SUCCESS\" > \"${SCRIPT_OUTPUT_FILE_0}\"\n";
			showEnvVarsInLog = 0;
		};
		EE01F3A53A2512BD005DEB3B /* [CP] Check Pods Manifest.lock */ = {
			isa = PBXShellScriptBuildPhase;
			buildActionMask = 2147483647;
			files = (
			);
			inputFileListPaths = (
			);
			inputPaths = (
				"${PODS_PODFILE_DIR_PATH}/Podfile.lock",
				"${PODS_ROOT}/Manifest.lock",
			);
			name = "[CP] Check Pods Manifest.lock";
			outputFileListPaths = (
			);
			outputPaths = (
				"$(DERIVED_FILE_DIR)/Pods-FilteritTests-checkManifestLockResult.txt",
			);
			runOnlyForDeploymentPostprocessing = 0;
			shellPath = /bin/sh;
			shellScript = "diff \"${PODS_PODFILE_DIR_PATH}/Podfile.lock\" \"${PODS_ROOT}/Manifest.lock\" > /dev/null\nif [ $? != 0 ] ; then\n    # print error to STDERR\n    echo \"error: The sandbox is not in sync with the Podfile.lock. Run 'pod install' or update your CocoaPods installation.\" >&2\n    exit 1\nfi\n# This output is used by Xcode 'outputs' to avoid re-running this script phase.\necho \"SUCCESS\" > \"${SCRIPT_OUTPUT_FILE_0}\"\n";
			showEnvVarsInLog = 0;
		};
/* End PBXShellScriptBuildPhase section */

/* Begin PBXSourcesBuildPhase section */
		CA4F1BAA233A281400DDBECB /* Sources */ = {
			isa = PBXSourcesBuildPhase;
			buildActionMask = 2147483647;
			files = (
				CABB8FD626BD4F0600B1A2BC /* ColourInvertFilter.swift in Sources */,
				CA9F05C3235B1D1200294CEC /* ImageApprovalViewController.swift in Sources */,
				CABB8FDB26BD542900B1A2BC /* NoirFilter.swift in Sources */,
				CABB8FDE26BD549F00B1A2BC /* PosterizeFilter.swift in Sources */,
				CA84C4C223CE177B00ECF276 /* LibraryViewController.swift in Sources */,
				CABB8FD926BD4F0600B1A2BC /* VignetteFilter.swift in Sources */,
				CABB8FD826BD4F0600B1A2BC /* NoneFilter.swift in Sources */,
				CA4F1BDF233A53B500DDBECB /* APIManager.swift in Sources */,
				CACDCC56234381A1005434FB /* SaveDialog.swift in Sources */,
				CAC41A6624F40AA8009C1E8D /* ShowArtworkViewController.swift in Sources */,
				CABB8FD126BD4EC800B1A2BC /* ZoomBlurFilter.swift in Sources */,
				CAC6C2B6238C76A70039711C /* FilterGraph.swift in Sources */,
				CABB8FD726BD4F0600B1A2BC /* SepiaFilter.swift in Sources */,
				CA4F1BE1233A558B00DDBECB /* Image.swift in Sources */,
				CA4F1BB6233A281500DDBECB /* NetworkImageSelectViewController.swift in Sources */,
				CA51939E234F4A9B00403122 /* FilterType.swift in Sources */,
				CABB8FDF26BD549F00B1A2BC /* HueShiftFilter.swift in Sources */,
				CA4F1BB2233A281500DDBECB /* AppDelegate.swift in Sources */,
				CA31D4EC2398B0B400232291 /* ArtworkWrapper.swift in Sources */,
				CABBCC7625D06B8700A8CA1B /* FilterList.swift in Sources */,
				CA4F1BBC233A281500DDBECB /* Filterit.xcdatamodeld in Sources */,
				CAC6C2B3238C310D0039711C /* FilterTypeViewModel.swift in Sources */,
				CA466EBB23425065009C8BB7 /* ApplyFilterViewController.swift in Sources */,
				CA4F1BB4233A281500DDBECB /* SceneDelegate.swift in Sources */,
				CAAA56F223410EDB007FFA98 /* WelcomeViewController.swift in Sources */,
			);
			runOnlyForDeploymentPostprocessing = 0;
		};
		CA4F1BC3233A281700DDBECB /* Sources */ = {
			isa = PBXSourcesBuildPhase;
			buildActionMask = 2147483647;
			files = (
				CA31D4F2239A663900232291 /* Filterit.xcdatamodeld in Sources */,
				CA5193A0234F67A900403122 /* FilterTests.swift in Sources */,
				CA4F1BE3233A589600DDBECB /* CommsTests.swift in Sources */,
				CA31D4EE239A5C5B00232291 /* ArtworkWrapperTests.swift in Sources */,
			);
			runOnlyForDeploymentPostprocessing = 0;
		};
/* End PBXSourcesBuildPhase section */

/* Begin PBXTargetDependency section */
		CA4F1BC9233A281700DDBECB /* PBXTargetDependency */ = {
			isa = PBXTargetDependency;
			target = CA4F1BAD233A281400DDBECB /* Filterit */;
			targetProxy = CA4F1BC8233A281700DDBECB /* PBXContainerItemProxy */;
		};
/* End PBXTargetDependency section */

/* Begin PBXVariantGroup section */
		CA4F1BB7233A281500DDBECB /* Main.storyboard */ = {
			isa = PBXVariantGroup;
			children = (
				CA4F1BB8233A281500DDBECB /* Base */,
			);
			name = Main.storyboard;
			sourceTree = "<group>";
		};
		CA4F1BBF233A281600DDBECB /* LaunchScreen.storyboard */ = {
			isa = PBXVariantGroup;
			children = (
				CA4F1BC0233A281600DDBECB /* Base */,
			);
			name = LaunchScreen.storyboard;
			sourceTree = "<group>";
		};
		CA920C3223741FF20086484D /* Localizable.strings */ = {
			isa = PBXVariantGroup;
			children = (
				CA920C3323741FF20086484D /* Base */,
			);
			name = Localizable.strings;
			sourceTree = "<group>";
		};
/* End PBXVariantGroup section */

/* Begin XCBuildConfiguration section */
		CA4F1BCE233A281700DDBECB /* Debug */ = {
			isa = XCBuildConfiguration;
			buildSettings = {
				ALWAYS_SEARCH_USER_PATHS = NO;
				CLANG_ANALYZER_NONNULL = YES;
				CLANG_ANALYZER_NUMBER_OBJECT_CONVERSION = YES_AGGRESSIVE;
				CLANG_CXX_LANGUAGE_STANDARD = "gnu++14";
				CLANG_CXX_LIBRARY = "libc++";
				CLANG_ENABLE_MODULES = YES;
				CLANG_ENABLE_OBJC_ARC = YES;
				CLANG_ENABLE_OBJC_WEAK = YES;
				CLANG_WARN_BLOCK_CAPTURE_AUTORELEASING = YES;
				CLANG_WARN_BOOL_CONVERSION = YES;
				CLANG_WARN_COMMA = YES;
				CLANG_WARN_CONSTANT_CONVERSION = YES;
				CLANG_WARN_DEPRECATED_OBJC_IMPLEMENTATIONS = YES;
				CLANG_WARN_DIRECT_OBJC_ISA_USAGE = YES_ERROR;
				CLANG_WARN_DOCUMENTATION_COMMENTS = YES;
				CLANG_WARN_EMPTY_BODY = YES;
				CLANG_WARN_ENUM_CONVERSION = YES;
				CLANG_WARN_INFINITE_RECURSION = YES;
				CLANG_WARN_INT_CONVERSION = YES;
				CLANG_WARN_NON_LITERAL_NULL_CONVERSION = YES;
				CLANG_WARN_OBJC_IMPLICIT_RETAIN_SELF = YES;
				CLANG_WARN_OBJC_LITERAL_CONVERSION = YES;
				CLANG_WARN_OBJC_ROOT_CLASS = YES_ERROR;
				CLANG_WARN_QUOTED_INCLUDE_IN_FRAMEWORK_HEADER = YES;
				CLANG_WARN_RANGE_LOOP_ANALYSIS = YES;
				CLANG_WARN_STRICT_PROTOTYPES = YES;
				CLANG_WARN_SUSPICIOUS_MOVE = YES;
				CLANG_WARN_UNGUARDED_AVAILABILITY = YES_AGGRESSIVE;
				CLANG_WARN_UNREACHABLE_CODE = YES;
				CLANG_WARN__DUPLICATE_METHOD_MATCH = YES;
				COPY_PHASE_STRIP = NO;
				DEBUG_INFORMATION_FORMAT = dwarf;
				ENABLE_STRICT_OBJC_MSGSEND = YES;
				ENABLE_TESTABILITY = YES;
				GCC_C_LANGUAGE_STANDARD = gnu11;
				GCC_DYNAMIC_NO_PIC = NO;
				GCC_NO_COMMON_BLOCKS = YES;
				GCC_OPTIMIZATION_LEVEL = 0;
				GCC_PREPROCESSOR_DEFINITIONS = (
					"DEBUG=1",
					"$(inherited)",
				);
				GCC_WARN_64_TO_32_BIT_CONVERSION = YES;
				GCC_WARN_ABOUT_RETURN_TYPE = YES_ERROR;
				GCC_WARN_UNDECLARED_SELECTOR = YES;
				GCC_WARN_UNINITIALIZED_AUTOS = YES_AGGRESSIVE;
				GCC_WARN_UNUSED_FUNCTION = YES;
				GCC_WARN_UNUSED_VARIABLE = YES;
				IPHONEOS_DEPLOYMENT_TARGET = 13.0;
				MTL_ENABLE_DEBUG_INFO = INCLUDE_SOURCE;
				MTL_FAST_MATH = YES;
				ONLY_ACTIVE_ARCH = YES;
				SDKROOT = iphoneos;
				SWIFT_ACTIVE_COMPILATION_CONDITIONS = DEBUG;
				SWIFT_OPTIMIZATION_LEVEL = "-Onone";
			};
			name = Debug;
		};
		CA4F1BCF233A281700DDBECB /* Release */ = {
			isa = XCBuildConfiguration;
			buildSettings = {
				ALWAYS_SEARCH_USER_PATHS = NO;
				CLANG_ANALYZER_NONNULL = YES;
				CLANG_ANALYZER_NUMBER_OBJECT_CONVERSION = YES_AGGRESSIVE;
				CLANG_CXX_LANGUAGE_STANDARD = "gnu++14";
				CLANG_CXX_LIBRARY = "libc++";
				CLANG_ENABLE_MODULES = YES;
				CLANG_ENABLE_OBJC_ARC = YES;
				CLANG_ENABLE_OBJC_WEAK = YES;
				CLANG_WARN_BLOCK_CAPTURE_AUTORELEASING = YES;
				CLANG_WARN_BOOL_CONVERSION = YES;
				CLANG_WARN_COMMA = YES;
				CLANG_WARN_CONSTANT_CONVERSION = YES;
				CLANG_WARN_DEPRECATED_OBJC_IMPLEMENTATIONS = YES;
				CLANG_WARN_DIRECT_OBJC_ISA_USAGE = YES_ERROR;
				CLANG_WARN_DOCUMENTATION_COMMENTS = YES;
				CLANG_WARN_EMPTY_BODY = YES;
				CLANG_WARN_ENUM_CONVERSION = YES;
				CLANG_WARN_INFINITE_RECURSION = YES;
				CLANG_WARN_INT_CONVERSION = YES;
				CLANG_WARN_NON_LITERAL_NULL_CONVERSION = YES;
				CLANG_WARN_OBJC_IMPLICIT_RETAIN_SELF = YES;
				CLANG_WARN_OBJC_LITERAL_CONVERSION = YES;
				CLANG_WARN_OBJC_ROOT_CLASS = YES_ERROR;
				CLANG_WARN_QUOTED_INCLUDE_IN_FRAMEWORK_HEADER = YES;
				CLANG_WARN_RANGE_LOOP_ANALYSIS = YES;
				CLANG_WARN_STRICT_PROTOTYPES = YES;
				CLANG_WARN_SUSPICIOUS_MOVE = YES;
				CLANG_WARN_UNGUARDED_AVAILABILITY = YES_AGGRESSIVE;
				CLANG_WARN_UNREACHABLE_CODE = YES;
				CLANG_WARN__DUPLICATE_METHOD_MATCH = YES;
				COPY_PHASE_STRIP = NO;
				DEBUG_INFORMATION_FORMAT = "dwarf-with-dsym";
				ENABLE_NS_ASSERTIONS = NO;
				ENABLE_STRICT_OBJC_MSGSEND = YES;
				GCC_C_LANGUAGE_STANDARD = gnu11;
				GCC_NO_COMMON_BLOCKS = YES;
				GCC_WARN_64_TO_32_BIT_CONVERSION = YES;
				GCC_WARN_ABOUT_RETURN_TYPE = YES_ERROR;
				GCC_WARN_UNDECLARED_SELECTOR = YES;
				GCC_WARN_UNINITIALIZED_AUTOS = YES_AGGRESSIVE;
				GCC_WARN_UNUSED_FUNCTION = YES;
				GCC_WARN_UNUSED_VARIABLE = YES;
				IPHONEOS_DEPLOYMENT_TARGET = 13.0;
				MTL_ENABLE_DEBUG_INFO = NO;
				MTL_FAST_MATH = YES;
				SDKROOT = iphoneos;
				SWIFT_COMPILATION_MODE = wholemodule;
				SWIFT_OPTIMIZATION_LEVEL = "-O";
				VALIDATE_PRODUCT = YES;
			};
			name = Release;
		};
		CA4F1BD1233A281700DDBECB /* Debug */ = {
			isa = XCBuildConfiguration;
			baseConfigurationReference = C7645A5BD639CEED2EAE796B /* Pods-Filterit.debug.xcconfig */;
			buildSettings = {
				ASSETCATALOG_COMPILER_APPICON_NAME = AppIcon;
				CODE_SIGN_STYLE = Automatic;
				DEVELOPMENT_TEAM = 89J6G3234Z;
				INFOPLIST_FILE = Filterit/Info.plist;
				IPHONEOS_DEPLOYMENT_TARGET = 13.0;
				LD_RUNPATH_SEARCH_PATHS = (
					"$(inherited)",
					"@executable_path/Frameworks",
				);
				PRODUCT_BUNDLE_IDENTIFIER = com.metec.Filterit;
				PRODUCT_NAME = "$(TARGET_NAME)";
				SWIFT_VERSION = 5.0;
				TARGETED_DEVICE_FAMILY = "1,2";
			};
			name = Debug;
		};
		CA4F1BD2233A281700DDBECB /* Release */ = {
			isa = XCBuildConfiguration;
			baseConfigurationReference = CE3C0DAD85F40B827F176898 /* Pods-Filterit.release.xcconfig */;
			buildSettings = {
				ASSETCATALOG_COMPILER_APPICON_NAME = AppIcon;
				CODE_SIGN_STYLE = Automatic;
				DEVELOPMENT_TEAM = 89J6G3234Z;
				INFOPLIST_FILE = Filterit/Info.plist;
				IPHONEOS_DEPLOYMENT_TARGET = 13.0;
				LD_RUNPATH_SEARCH_PATHS = (
					"$(inherited)",
					"@executable_path/Frameworks",
				);
				PRODUCT_BUNDLE_IDENTIFIER = com.metec.Filterit;
				PRODUCT_NAME = "$(TARGET_NAME)";
				SWIFT_VERSION = 5.0;
				TARGETED_DEVICE_FAMILY = "1,2";
			};
			name = Release;
		};
		CA4F1BD4233A281700DDBECB /* Debug */ = {
			isa = XCBuildConfiguration;
			baseConfigurationReference = 635C957DAA45258E2F75F381 /* Pods-FilteritTests.debug.xcconfig */;
			buildSettings = {
				ALWAYS_EMBED_SWIFT_STANDARD_LIBRARIES = YES;
				BUNDLE_LOADER = "$(TEST_HOST)";
				CODE_SIGN_STYLE = Automatic;
				DEVELOPMENT_TEAM = 89J6G3234Z;
				INFOPLIST_FILE = FilteritTests/Info.plist;
				IPHONEOS_DEPLOYMENT_TARGET = 13.0;
				LD_RUNPATH_SEARCH_PATHS = (
					"$(inherited)",
					"@executable_path/Frameworks",
					"@loader_path/Frameworks",
				);
				PRODUCT_BUNDLE_IDENTIFIER = com.metec.FilteritTests;
				PRODUCT_NAME = "$(TARGET_NAME)";
				SWIFT_VERSION = 5.0;
				TARGETED_DEVICE_FAMILY = "1,2";
				TEST_HOST = "$(BUILT_PRODUCTS_DIR)/Filterit.app/Filterit";
			};
			name = Debug;
		};
		CA4F1BD5233A281700DDBECB /* Release */ = {
			isa = XCBuildConfiguration;
			baseConfigurationReference = 812D9D19F91F74D7FCA635DC /* Pods-FilteritTests.release.xcconfig */;
			buildSettings = {
				ALWAYS_EMBED_SWIFT_STANDARD_LIBRARIES = YES;
				BUNDLE_LOADER = "$(TEST_HOST)";
				CODE_SIGN_STYLE = Automatic;
				DEVELOPMENT_TEAM = 89J6G3234Z;
				INFOPLIST_FILE = FilteritTests/Info.plist;
				IPHONEOS_DEPLOYMENT_TARGET = 13.0;
				LD_RUNPATH_SEARCH_PATHS = (
					"$(inherited)",
					"@executable_path/Frameworks",
					"@loader_path/Frameworks",
				);
				PRODUCT_BUNDLE_IDENTIFIER = com.metec.FilteritTests;
				PRODUCT_NAME = "$(TARGET_NAME)";
				SWIFT_VERSION = 5.0;
				TARGETED_DEVICE_FAMILY = "1,2";
				TEST_HOST = "$(BUILT_PRODUCTS_DIR)/Filterit.app/Filterit";
			};
			name = Release;
		};
/* End XCBuildConfiguration section */

/* Begin XCConfigurationList section */
		CA4F1BA9233A281400DDBECB /* Build configuration list for PBXProject "Filterit" */ = {
			isa = XCConfigurationList;
			buildConfigurations = (
				CA4F1BCE233A281700DDBECB /* Debug */,
				CA4F1BCF233A281700DDBECB /* Release */,
			);
			defaultConfigurationIsVisible = 0;
			defaultConfigurationName = Release;
		};
		CA4F1BD0233A281700DDBECB /* Build configuration list for PBXNativeTarget "Filterit" */ = {
			isa = XCConfigurationList;
			buildConfigurations = (
				CA4F1BD1233A281700DDBECB /* Debug */,
				CA4F1BD2233A281700DDBECB /* Release */,
			);
			defaultConfigurationIsVisible = 0;
			defaultConfigurationName = Release;
		};
		CA4F1BD3233A281700DDBECB /* Build configuration list for PBXNativeTarget "FilteritTests" */ = {
			isa = XCConfigurationList;
			buildConfigurations = (
				CA4F1BD4233A281700DDBECB /* Debug */,
				CA4F1BD5233A281700DDBECB /* Release */,
			);
			defaultConfigurationIsVisible = 0;
			defaultConfigurationName = Release;
		};
/* End XCConfigurationList section */

/* Begin XCVersionGroup section */
		CA4F1BBA233A281500DDBECB /* Filterit.xcdatamodeld */ = {
			isa = XCVersionGroup;
			children = (
				CA4F1BBB233A281500DDBECB /* StockFilter.xcdatamodel */,
			);
			currentVersion = CA4F1BBB233A281500DDBECB /* StockFilter.xcdatamodel */;
			path = Filterit.xcdatamodeld;
			sourceTree = "<group>";
			versionGroupType = wrapper.xcdatamodel;
		};
/* End XCVersionGroup section */
	};
	rootObject = CA4F1BA6233A281400DDBECB /* Project object */;
}
