// !$*UTF8*$!
{
	archiveVersion = 1;
	classes = {
	};
	objectVersion = 51;
	objects = {

/* Begin PBXBuildFile section */
		B13EC4C14FBCF5A81DB34746 /* Pods_StockFilter.framework in Frameworks */ = {isa = PBXBuildFile; fileRef = 81AF4F2708BD10CD287310B0 /* Pods_StockFilter.framework */; };
		CA4F1BB2233A281500DDBECB /* AppDelegate.swift in Sources */ = {isa = PBXBuildFile; fileRef = CA4F1BB1233A281500DDBECB /* AppDelegate.swift */; };
		CA4F1BB4233A281500DDBECB /* SceneDelegate.swift in Sources */ = {isa = PBXBuildFile; fileRef = CA4F1BB3233A281500DDBECB /* SceneDelegate.swift */; };
		CA4F1BB6233A281500DDBECB /* ViewController.swift in Sources */ = {isa = PBXBuildFile; fileRef = CA4F1BB5233A281500DDBECB /* ViewController.swift */; };
		CA4F1BB9233A281500DDBECB /* Main.storyboard in Resources */ = {isa = PBXBuildFile; fileRef = CA4F1BB7233A281500DDBECB /* Main.storyboard */; };
		CA4F1BBC233A281500DDBECB /* StockFilter.xcdatamodeld in Sources */ = {isa = PBXBuildFile; fileRef = CA4F1BBA233A281500DDBECB /* StockFilter.xcdatamodeld */; };
		CA4F1BBE233A281600DDBECB /* Assets.xcassets in Resources */ = {isa = PBXBuildFile; fileRef = CA4F1BBD233A281600DDBECB /* Assets.xcassets */; };
		CA4F1BC1233A281600DDBECB /* LaunchScreen.storyboard in Resources */ = {isa = PBXBuildFile; fileRef = CA4F1BBF233A281600DDBECB /* LaunchScreen.storyboard */; };
		CA4F1BCC233A281700DDBECB /* StockFilterTests.swift in Sources */ = {isa = PBXBuildFile; fileRef = CA4F1BCB233A281700DDBECB /* StockFilterTests.swift */; };
		CA4F1BDF233A53B500DDBECB /* APIManager.swift in Sources */ = {isa = PBXBuildFile; fileRef = CA4F1BDE233A53B500DDBECB /* APIManager.swift */; };
		CA4F1BE1233A558B00DDBECB /* Image.swift in Sources */ = {isa = PBXBuildFile; fileRef = CA4F1BE0233A558B00DDBECB /* Image.swift */; };
		CA4F1BE3233A589600DDBECB /* CommsTests.swift in Sources */ = {isa = PBXBuildFile; fileRef = CA4F1BE2233A589600DDBECB /* CommsTests.swift */; };
		F47C4F371F29799740F0BBE5 /* Pods_StockFilterTests.framework in Frameworks */ = {isa = PBXBuildFile; fileRef = 0C63D69CDDA021FAB3E080E7 /* Pods_StockFilterTests.framework */; };
/* End PBXBuildFile section */

/* Begin PBXContainerItemProxy section */
		CA4F1BC8233A281700DDBECB /* PBXContainerItemProxy */ = {
			isa = PBXContainerItemProxy;
			containerPortal = CA4F1BA6233A281400DDBECB /* Project object */;
			proxyType = 1;
			remoteGlobalIDString = CA4F1BAD233A281400DDBECB;
			remoteInfo = StockFilter;
		};
/* End PBXContainerItemProxy section */

/* Begin PBXFileReference section */
		0C63D69CDDA021FAB3E080E7 /* Pods_StockFilterTests.framework */ = {isa = PBXFileReference; explicitFileType = wrapper.framework; includeInIndex = 0; path = Pods_StockFilterTests.framework; sourceTree = BUILT_PRODUCTS_DIR; };
		4F4AD06664B3503AF1F5C0CE /* Pods-StockFilterTests.release.xcconfig */ = {isa = PBXFileReference; includeInIndex = 1; lastKnownFileType = text.xcconfig; name = "Pods-StockFilterTests.release.xcconfig"; path = "Target Support Files/Pods-StockFilterTests/Pods-StockFilterTests.release.xcconfig"; sourceTree = "<group>"; };
		528B3DA44731ECD2370FB290 /* Pods-StockFilterTests.debug.xcconfig */ = {isa = PBXFileReference; includeInIndex = 1; lastKnownFileType = text.xcconfig; name = "Pods-StockFilterTests.debug.xcconfig"; path = "Target Support Files/Pods-StockFilterTests/Pods-StockFilterTests.debug.xcconfig"; sourceTree = "<group>"; };
		81AF4F2708BD10CD287310B0 /* Pods_StockFilter.framework */ = {isa = PBXFileReference; explicitFileType = wrapper.framework; includeInIndex = 0; path = Pods_StockFilter.framework; sourceTree = BUILT_PRODUCTS_DIR; };
		CA4F1BAE233A281500DDBECB /* StockFilter.app */ = {isa = PBXFileReference; explicitFileType = wrapper.application; includeInIndex = 0; path = StockFilter.app; sourceTree = BUILT_PRODUCTS_DIR; };
		CA4F1BB1233A281500DDBECB /* AppDelegate.swift */ = {isa = PBXFileReference; lastKnownFileType = sourcecode.swift; path = AppDelegate.swift; sourceTree = "<group>"; };
		CA4F1BB3233A281500DDBECB /* SceneDelegate.swift */ = {isa = PBXFileReference; lastKnownFileType = sourcecode.swift; path = SceneDelegate.swift; sourceTree = "<group>"; };
		CA4F1BB5233A281500DDBECB /* ViewController.swift */ = {isa = PBXFileReference; lastKnownFileType = sourcecode.swift; path = ViewController.swift; sourceTree = "<group>"; };
		CA4F1BB8233A281500DDBECB /* Base */ = {isa = PBXFileReference; lastKnownFileType = file.storyboard; name = Base; path = Base.lproj/Main.storyboard; sourceTree = "<group>"; };
		CA4F1BBB233A281500DDBECB /* StockFilter.xcdatamodel */ = {isa = PBXFileReference; lastKnownFileType = wrapper.xcdatamodel; path = StockFilter.xcdatamodel; sourceTree = "<group>"; };
		CA4F1BBD233A281600DDBECB /* Assets.xcassets */ = {isa = PBXFileReference; lastKnownFileType = folder.assetcatalog; path = Assets.xcassets; sourceTree = "<group>"; };
		CA4F1BC0233A281600DDBECB /* Base */ = {isa = PBXFileReference; lastKnownFileType = file.storyboard; name = Base; path = Base.lproj/LaunchScreen.storyboard; sourceTree = "<group>"; };
		CA4F1BC2233A281600DDBECB /* Info.plist */ = {isa = PBXFileReference; lastKnownFileType = text.plist.xml; path = Info.plist; sourceTree = "<group>"; };
		CA4F1BC7233A281700DDBECB /* StockFilterTests.xctest */ = {isa = PBXFileReference; explicitFileType = wrapper.cfbundle; includeInIndex = 0; path = StockFilterTests.xctest; sourceTree = BUILT_PRODUCTS_DIR; };
		CA4F1BCB233A281700DDBECB /* StockFilterTests.swift */ = {isa = PBXFileReference; lastKnownFileType = sourcecode.swift; path = StockFilterTests.swift; sourceTree = "<group>"; };
		CA4F1BCD233A281700DDBECB /* Info.plist */ = {isa = PBXFileReference; lastKnownFileType = text.plist.xml; path = Info.plist; sourceTree = "<group>"; };
		CA4F1BDE233A53B500DDBECB /* APIManager.swift */ = {isa = PBXFileReference; lastKnownFileType = sourcecode.swift; path = APIManager.swift; sourceTree = "<group>"; };
		CA4F1BE0233A558B00DDBECB /* Image.swift */ = {isa = PBXFileReference; lastKnownFileType = sourcecode.swift; path = Image.swift; sourceTree = "<group>"; };
		CA4F1BE2233A589600DDBECB /* CommsTests.swift */ = {isa = PBXFileReference; lastKnownFileType = sourcecode.swift; path = CommsTests.swift; sourceTree = "<group>"; };
		D01B1A165B3361DF7738BA8D /* Pods-StockFilter.release.xcconfig */ = {isa = PBXFileReference; includeInIndex = 1; lastKnownFileType = text.xcconfig; name = "Pods-StockFilter.release.xcconfig"; path = "Target Support Files/Pods-StockFilter/Pods-StockFilter.release.xcconfig"; sourceTree = "<group>"; };
		F350D0AF239BDE448F543AE5 /* Pods-StockFilter.debug.xcconfig */ = {isa = PBXFileReference; includeInIndex = 1; lastKnownFileType = text.xcconfig; name = "Pods-StockFilter.debug.xcconfig"; path = "Target Support Files/Pods-StockFilter/Pods-StockFilter.debug.xcconfig"; sourceTree = "<group>"; };
/* End PBXFileReference section */

/* Begin PBXFrameworksBuildPhase section */
		CA4F1BAB233A281400DDBECB /* Frameworks */ = {
			isa = PBXFrameworksBuildPhase;
			buildActionMask = 2147483647;
			files = (
				B13EC4C14FBCF5A81DB34746 /* Pods_StockFilter.framework in Frameworks */,
			);
			runOnlyForDeploymentPostprocessing = 0;
		};
		CA4F1BC4233A281700DDBECB /* Frameworks */ = {
			isa = PBXFrameworksBuildPhase;
			buildActionMask = 2147483647;
			files = (
				F47C4F371F29799740F0BBE5 /* Pods_StockFilterTests.framework in Frameworks */,
			);
			runOnlyForDeploymentPostprocessing = 0;
		};
/* End PBXFrameworksBuildPhase section */

/* Begin PBXGroup section */
		AC73A7225CD0EE7777B118A7 /* Pods */ = {
			isa = PBXGroup;
			children = (
				F350D0AF239BDE448F543AE5 /* Pods-StockFilter.debug.xcconfig */,
				D01B1A165B3361DF7738BA8D /* Pods-StockFilter.release.xcconfig */,
				528B3DA44731ECD2370FB290 /* Pods-StockFilterTests.debug.xcconfig */,
				4F4AD06664B3503AF1F5C0CE /* Pods-StockFilterTests.release.xcconfig */,
			);
			path = Pods;
			sourceTree = "<group>";
		};
		CA4F1BA5233A281400DDBECB = {
			isa = PBXGroup;
			children = (
				CA4F1BB0233A281500DDBECB /* StockFilter */,
				CA4F1BCA233A281700DDBECB /* StockFilterTests */,
				CA4F1BAF233A281500DDBECB /* Products */,
				AC73A7225CD0EE7777B118A7 /* Pods */,
				D928DD3131E3516F96C97C0D /* Frameworks */,
			);
			sourceTree = "<group>";
		};
		CA4F1BAF233A281500DDBECB /* Products */ = {
			isa = PBXGroup;
			children = (
				CA4F1BAE233A281500DDBECB /* StockFilter.app */,
				CA4F1BC7233A281700DDBECB /* StockFilterTests.xctest */,
			);
			name = Products;
			sourceTree = "<group>";
		};
		CA4F1BB0233A281500DDBECB /* StockFilter */ = {
			isa = PBXGroup;
			children = (
				CA4F1BDB233A539200DDBECB /* Comms */,
				CA4F1BB1233A281500DDBECB /* AppDelegate.swift */,
				CA4F1BB3233A281500DDBECB /* SceneDelegate.swift */,
				CA4F1BB5233A281500DDBECB /* ViewController.swift */,
				CA4F1BB7233A281500DDBECB /* Main.storyboard */,
				CA4F1BBD233A281600DDBECB /* Assets.xcassets */,
				CA4F1BBF233A281600DDBECB /* LaunchScreen.storyboard */,
				CA4F1BC2233A281600DDBECB /* Info.plist */,
				CA4F1BBA233A281500DDBECB /* StockFilter.xcdatamodeld */,
			);
			path = StockFilter;
			sourceTree = "<group>";
		};
		CA4F1BCA233A281700DDBECB /* StockFilterTests */ = {
			isa = PBXGroup;
			children = (
				CA4F1BCB233A281700DDBECB /* StockFilterTests.swift */,
				CA4F1BE2233A589600DDBECB /* CommsTests.swift */,
				CA4F1BCD233A281700DDBECB /* Info.plist */,
			);
			path = StockFilterTests;
			sourceTree = "<group>";
		};
		CA4F1BDB233A539200DDBECB /* Comms */ = {
			isa = PBXGroup;
			children = (
				CA4F1BDE233A53B500DDBECB /* APIManager.swift */,
				CA4F1BE0233A558B00DDBECB /* Image.swift */,
			);
			path = Comms;
			sourceTree = "<group>";
		};
		D928DD3131E3516F96C97C0D /* Frameworks */ = {
			isa = PBXGroup;
			children = (
				81AF4F2708BD10CD287310B0 /* Pods_StockFilter.framework */,
				0C63D69CDDA021FAB3E080E7 /* Pods_StockFilterTests.framework */,
			);
			name = Frameworks;
			sourceTree = "<group>";
		};
/* End PBXGroup section */

/* Begin PBXNativeTarget section */
		CA4F1BAD233A281400DDBECB /* StockFilter */ = {
			isa = PBXNativeTarget;
			buildConfigurationList = CA4F1BD0233A281700DDBECB /* Build configuration list for PBXNativeTarget "StockFilter" */;
			buildPhases = (
				05203F072F3C456D21A76D9F /* [CP] Check Pods Manifest.lock */,
				CA4F1BAA233A281400DDBECB /* Sources */,
				CA4F1BAB233A281400DDBECB /* Frameworks */,
				CA4F1BAC233A281400DDBECB /* Resources */,
				28F082E07CDBC825AD988917 /* [CP] Embed Pods Frameworks */,
			);
			buildRules = (
			);
			dependencies = (
			);
			name = StockFilter;
			productName = StockFilter;
			productReference = CA4F1BAE233A281500DDBECB /* StockFilter.app */;
			productType = "com.apple.product-type.application";
		};
		CA4F1BC6233A281700DDBECB /* StockFilterTests */ = {
			isa = PBXNativeTarget;
			buildConfigurationList = CA4F1BD3233A281700DDBECB /* Build configuration list for PBXNativeTarget "StockFilterTests" */;
			buildPhases = (
				6DFD6131C8A8145E418F772E /* [CP] Check Pods Manifest.lock */,
				CA4F1BC3233A281700DDBECB /* Sources */,
				CA4F1BC4233A281700DDBECB /* Frameworks */,
				CA4F1BC5233A281700DDBECB /* Resources */,
			);
			buildRules = (
			);
			dependencies = (
				CA4F1BC9233A281700DDBECB /* PBXTargetDependency */,
			);
			name = StockFilterTests;
			productName = StockFilterTests;
			productReference = CA4F1BC7233A281700DDBECB /* StockFilterTests.xctest */;
			productType = "com.apple.product-type.bundle.unit-test";
		};
/* End PBXNativeTarget section */

/* Begin PBXProject section */
		CA4F1BA6233A281400DDBECB /* Project object */ = {
			isa = PBXProject;
			attributes = {
				LastSwiftUpdateCheck = 1100;
				LastUpgradeCheck = 1100;
				ORGANIZATIONNAME = "Mete Cakman";
				TargetAttributes = {
					CA4F1BAD233A281400DDBECB = {
						CreatedOnToolsVersion = 11.0;
					};
					CA4F1BC6233A281700DDBECB = {
						CreatedOnToolsVersion = 11.0;
						TestTargetID = CA4F1BAD233A281400DDBECB;
					};
				};
			};
			buildConfigurationList = CA4F1BA9233A281400DDBECB /* Build configuration list for PBXProject "StockFilter" */;
			compatibilityVersion = "Xcode 9.3";
			developmentRegion = en;
			hasScannedForEncodings = 0;
			knownRegions = (
				en,
				Base,
			);
			mainGroup = CA4F1BA5233A281400DDBECB;
			productRefGroup = CA4F1BAF233A281500DDBECB /* Products */;
			projectDirPath = "";
			projectRoot = "";
			targets = (
				CA4F1BAD233A281400DDBECB /* StockFilter */,
				CA4F1BC6233A281700DDBECB /* StockFilterTests */,
			);
		};
/* End PBXProject section */

/* Begin PBXResourcesBuildPhase section */
		CA4F1BAC233A281400DDBECB /* Resources */ = {
			isa = PBXResourcesBuildPhase;
			buildActionMask = 2147483647;
			files = (
				CA4F1BC1233A281600DDBECB /* LaunchScreen.storyboard in Resources */,
				CA4F1BBE233A281600DDBECB /* Assets.xcassets in Resources */,
				CA4F1BB9233A281500DDBECB /* Main.storyboard in Resources */,
			);
			runOnlyForDeploymentPostprocessing = 0;
		};
		CA4F1BC5233A281700DDBECB /* Resources */ = {
			isa = PBXResourcesBuildPhase;
			buildActionMask = 2147483647;
			files = (
			);
			runOnlyForDeploymentPostprocessing = 0;
		};
/* End PBXResourcesBuildPhase section */

/* Begin PBXShellScriptBuildPhase section */
		05203F072F3C456D21A76D9F /* [CP] Check Pods Manifest.lock */ = {
			isa = PBXShellScriptBuildPhase;
			buildActionMask = 2147483647;
			files = (
			);
			inputFileListPaths = (
			);
			inputPaths = (
				"${PODS_PODFILE_DIR_PATH}/Podfile.lock",
				"${PODS_ROOT}/Manifest.lock",
			);
			name = "[CP] Check Pods Manifest.lock";
			outputFileListPaths = (
			);
			outputPaths = (
				"$(DERIVED_FILE_DIR)/Pods-StockFilter-checkManifestLockResult.txt",
			);
			runOnlyForDeploymentPostprocessing = 0;
			shellPath = /bin/sh;
			shellScript = "diff \"${PODS_PODFILE_DIR_PATH}/Podfile.lock\" \"${PODS_ROOT}/Manifest.lock\" > /dev/null\nif [ $? != 0 ] ; then\n    # print error to STDERR\n    echo \"error: The sandbox is not in sync with the Podfile.lock. Run 'pod install' or update your CocoaPods installation.\" >&2\n    exit 1\nfi\n# This output is used by Xcode 'outputs' to avoid re-running this script phase.\necho \"SUCCESS\" > \"${SCRIPT_OUTPUT_FILE_0}\"\n";
			showEnvVarsInLog = 0;
		};
		28F082E07CDBC825AD988917 /* [CP] Embed Pods Frameworks */ = {
			isa = PBXShellScriptBuildPhase;
			buildActionMask = 2147483647;
			files = (
			);
			inputFileListPaths = (
				"${PODS_ROOT}/Target Support Files/Pods-StockFilter/Pods-StockFilter-frameworks-${CONFIGURATION}-input-files.xcfilelist",
			);
			name = "[CP] Embed Pods Frameworks";
			outputFileListPaths = (
				"${PODS_ROOT}/Target Support Files/Pods-StockFilter/Pods-StockFilter-frameworks-${CONFIGURATION}-output-files.xcfilelist",
			);
			runOnlyForDeploymentPostprocessing = 0;
			shellPath = /bin/sh;
			shellScript = "\"${PODS_ROOT}/Target Support Files/Pods-StockFilter/Pods-StockFilter-frameworks.sh\"\n";
			showEnvVarsInLog = 0;
		};
		6DFD6131C8A8145E418F772E /* [CP] Check Pods Manifest.lock */ = {
			isa = PBXShellScriptBuildPhase;
			buildActionMask = 2147483647;
			files = (
			);
			inputFileListPaths = (
			);
			inputPaths = (
				"${PODS_PODFILE_DIR_PATH}/Podfile.lock",
				"${PODS_ROOT}/Manifest.lock",
			);
			name = "[CP] Check Pods Manifest.lock";
			outputFileListPaths = (
			);
			outputPaths = (
				"$(DERIVED_FILE_DIR)/Pods-StockFilterTests-checkManifestLockResult.txt",
			);
			runOnlyForDeploymentPostprocessing = 0;
			shellPath = /bin/sh;
			shellScript = "diff \"${PODS_PODFILE_DIR_PATH}/Podfile.lock\" \"${PODS_ROOT}/Manifest.lock\" > /dev/null\nif [ $? != 0 ] ; then\n    # print error to STDERR\n    echo \"error: The sandbox is not in sync with the Podfile.lock. Run 'pod install' or update your CocoaPods installation.\" >&2\n    exit 1\nfi\n# This output is used by Xcode 'outputs' to avoid re-running this script phase.\necho \"SUCCESS\" > \"${SCRIPT_OUTPUT_FILE_0}\"\n";
			showEnvVarsInLog = 0;
		};
/* End PBXShellScriptBuildPhase section */

/* Begin PBXSourcesBuildPhase section */
		CA4F1BAA233A281400DDBECB /* Sources */ = {
			isa = PBXSourcesBuildPhase;
			buildActionMask = 2147483647;
			files = (
				CA4F1BDF233A53B500DDBECB /* APIManager.swift in Sources */,
				CA4F1BE1233A558B00DDBECB /* Image.swift in Sources */,
				CA4F1BB6233A281500DDBECB /* ViewController.swift in Sources */,
				CA4F1BB2233A281500DDBECB /* AppDelegate.swift in Sources */,
				CA4F1BBC233A281500DDBECB /* StockFilter.xcdatamodeld in Sources */,
				CA4F1BB4233A281500DDBECB /* SceneDelegate.swift in Sources */,
			);
			runOnlyForDeploymentPostprocessing = 0;
		};
		CA4F1BC3233A281700DDBECB /* Sources */ = {
			isa = PBXSourcesBuildPhase;
			buildActionMask = 2147483647;
			files = (
				CA4F1BCC233A281700DDBECB /* StockFilterTests.swift in Sources */,
				CA4F1BE3233A589600DDBECB /* CommsTests.swift in Sources */,
			);
			runOnlyForDeploymentPostprocessing = 0;
		};
/* End PBXSourcesBuildPhase section */

/* Begin PBXTargetDependency section */
		CA4F1BC9233A281700DDBECB /* PBXTargetDependency */ = {
			isa = PBXTargetDependency;
			target = CA4F1BAD233A281400DDBECB /* StockFilter */;
			targetProxy = CA4F1BC8233A281700DDBECB /* PBXContainerItemProxy */;
		};
/* End PBXTargetDependency section */

/* Begin PBXVariantGroup section */
		CA4F1BB7233A281500DDBECB /* Main.storyboard */ = {
			isa = PBXVariantGroup;
			children = (
				CA4F1BB8233A281500DDBECB /* Base */,
			);
			name = Main.storyboard;
			sourceTree = "<group>";
		};
		CA4F1BBF233A281600DDBECB /* LaunchScreen.storyboard */ = {
			isa = PBXVariantGroup;
			children = (
				CA4F1BC0233A281600DDBECB /* Base */,
			);
			name = LaunchScreen.storyboard;
			sourceTree = "<group>";
		};
/* End PBXVariantGroup section */

/* Begin XCBuildConfiguration section */
		CA4F1BCE233A281700DDBECB /* Debug */ = {
			isa = XCBuildConfiguration;
			buildSettings = {
				ALWAYS_SEARCH_USER_PATHS = NO;
				CLANG_ANALYZER_NONNULL = YES;
				CLANG_ANALYZER_NUMBER_OBJECT_CONVERSION = YES_AGGRESSIVE;
				CLANG_CXX_LANGUAGE_STANDARD = "gnu++14";
				CLANG_CXX_LIBRARY = "libc++";
				CLANG_ENABLE_MODULES = YES;
				CLANG_ENABLE_OBJC_ARC = YES;
				CLANG_ENABLE_OBJC_WEAK = YES;
				CLANG_WARN_BLOCK_CAPTURE_AUTORELEASING = YES;
				CLANG_WARN_BOOL_CONVERSION = YES;
				CLANG_WARN_COMMA = YES;
				CLANG_WARN_CONSTANT_CONVERSION = YES;
				CLANG_WARN_DEPRECATED_OBJC_IMPLEMENTATIONS = YES;
				CLANG_WARN_DIRECT_OBJC_ISA_USAGE = YES_ERROR;
				CLANG_WARN_DOCUMENTATION_COMMENTS = YES;
				CLANG_WARN_EMPTY_BODY = YES;
				CLANG_WARN_ENUM_CONVERSION = YES;
				CLANG_WARN_INFINITE_RECURSION = YES;
				CLANG_WARN_INT_CONVERSION = YES;
				CLANG_WARN_NON_LITERAL_NULL_CONVERSION = YES;
				CLANG_WARN_OBJC_IMPLICIT_RETAIN_SELF = YES;
				CLANG_WARN_OBJC_LITERAL_CONVERSION = YES;
				CLANG_WARN_OBJC_ROOT_CLASS = YES_ERROR;
				CLANG_WARN_RANGE_LOOP_ANALYSIS = YES;
				CLANG_WARN_STRICT_PROTOTYPES = YES;
				CLANG_WARN_SUSPICIOUS_MOVE = YES;
				CLANG_WARN_UNGUARDED_AVAILABILITY = YES_AGGRESSIVE;
				CLANG_WARN_UNREACHABLE_CODE = YES;
				CLANG_WARN__DUPLICATE_METHOD_MATCH = YES;
				COPY_PHASE_STRIP = NO;
				DEBUG_INFORMATION_FORMAT = dwarf;
				ENABLE_STRICT_OBJC_MSGSEND = YES;
				ENABLE_TESTABILITY = YES;
				GCC_C_LANGUAGE_STANDARD = gnu11;
				GCC_DYNAMIC_NO_PIC = NO;
				GCC_NO_COMMON_BLOCKS = YES;
				GCC_OPTIMIZATION_LEVEL = 0;
				GCC_PREPROCESSOR_DEFINITIONS = (
					"DEBUG=1",
					"$(inherited)",
				);
				GCC_WARN_64_TO_32_BIT_CONVERSION = YES;
				GCC_WARN_ABOUT_RETURN_TYPE = YES_ERROR;
				GCC_WARN_UNDECLARED_SELECTOR = YES;
				GCC_WARN_UNINITIALIZED_AUTOS = YES_AGGRESSIVE;
				GCC_WARN_UNUSED_FUNCTION = YES;
				GCC_WARN_UNUSED_VARIABLE = YES;
				IPHONEOS_DEPLOYMENT_TARGET = 13.0;
				MTL_ENABLE_DEBUG_INFO = INCLUDE_SOURCE;
				MTL_FAST_MATH = YES;
				ONLY_ACTIVE_ARCH = YES;
				SDKROOT = iphoneos;
				SWIFT_ACTIVE_COMPILATION_CONDITIONS = DEBUG;
				SWIFT_OPTIMIZATION_LEVEL = "-Onone";
			};
			name = Debug;
		};
		CA4F1BCF233A281700DDBECB /* Release */ = {
			isa = XCBuildConfiguration;
			buildSettings = {
				ALWAYS_SEARCH_USER_PATHS = NO;
				CLANG_ANALYZER_NONNULL = YES;
				CLANG_ANALYZER_NUMBER_OBJECT_CONVERSION = YES_AGGRESSIVE;
				CLANG_CXX_LANGUAGE_STANDARD = "gnu++14";
				CLANG_CXX_LIBRARY = "libc++";
				CLANG_ENABLE_MODULES = YES;
				CLANG_ENABLE_OBJC_ARC = YES;
				CLANG_ENABLE_OBJC_WEAK = YES;
				CLANG_WARN_BLOCK_CAPTURE_AUTORELEASING = YES;
				CLANG_WARN_BOOL_CONVERSION = YES;
				CLANG_WARN_COMMA = YES;
				CLANG_WARN_CONSTANT_CONVERSION = YES;
				CLANG_WARN_DEPRECATED_OBJC_IMPLEMENTATIONS = YES;
				CLANG_WARN_DIRECT_OBJC_ISA_USAGE = YES_ERROR;
				CLANG_WARN_DOCUMENTATION_COMMENTS = YES;
				CLANG_WARN_EMPTY_BODY = YES;
				CLANG_WARN_ENUM_CONVERSION = YES;
				CLANG_WARN_INFINITE_RECURSION = YES;
				CLANG_WARN_INT_CONVERSION = YES;
				CLANG_WARN_NON_LITERAL_NULL_CONVERSION = YES;
				CLANG_WARN_OBJC_IMPLICIT_RETAIN_SELF = YES;
				CLANG_WARN_OBJC_LITERAL_CONVERSION = YES;
				CLANG_WARN_OBJC_ROOT_CLASS = YES_ERROR;
				CLANG_WARN_RANGE_LOOP_ANALYSIS = YES;
				CLANG_WARN_STRICT_PROTOTYPES = YES;
				CLANG_WARN_SUSPICIOUS_MOVE = YES;
				CLANG_WARN_UNGUARDED_AVAILABILITY = YES_AGGRESSIVE;
				CLANG_WARN_UNREACHABLE_CODE = YES;
				CLANG_WARN__DUPLICATE_METHOD_MATCH = YES;
				COPY_PHASE_STRIP = NO;
				DEBUG_INFORMATION_FORMAT = "dwarf-with-dsym";
				ENABLE_NS_ASSERTIONS = NO;
				ENABLE_STRICT_OBJC_MSGSEND = YES;
				GCC_C_LANGUAGE_STANDARD = gnu11;
				GCC_NO_COMMON_BLOCKS = YES;
				GCC_WARN_64_TO_32_BIT_CONVERSION = YES;
				GCC_WARN_ABOUT_RETURN_TYPE = YES_ERROR;
				GCC_WARN_UNDECLARED_SELECTOR = YES;
				GCC_WARN_UNINITIALIZED_AUTOS = YES_AGGRESSIVE;
				GCC_WARN_UNUSED_FUNCTION = YES;
				GCC_WARN_UNUSED_VARIABLE = YES;
				IPHONEOS_DEPLOYMENT_TARGET = 13.0;
				MTL_ENABLE_DEBUG_INFO = NO;
				MTL_FAST_MATH = YES;
				SDKROOT = iphoneos;
				SWIFT_COMPILATION_MODE = wholemodule;
				SWIFT_OPTIMIZATION_LEVEL = "-O";
				VALIDATE_PRODUCT = YES;
			};
			name = Release;
		};
		CA4F1BD1233A281700DDBECB /* Debug */ = {
			isa = XCBuildConfiguration;
			baseConfigurationReference = F350D0AF239BDE448F543AE5 /* Pods-StockFilter.debug.xcconfig */;
			buildSettings = {
				ASSETCATALOG_COMPILER_APPICON_NAME = AppIcon;
				CODE_SIGN_STYLE = Automatic;
				DEVELOPMENT_TEAM = 89J6G3234Z;
				INFOPLIST_FILE = StockFilter/Info.plist;
				IPHONEOS_DEPLOYMENT_TARGET = 13.0;
				LD_RUNPATH_SEARCH_PATHS = (
					"$(inherited)",
					"@executable_path/Frameworks",
				);
				PRODUCT_BUNDLE_IDENTIFIER = com.metec.StockFilter;
				PRODUCT_NAME = "$(TARGET_NAME)";
				SWIFT_VERSION = 5.0;
				TARGETED_DEVICE_FAMILY = "1,2";
			};
			name = Debug;
		};
		CA4F1BD2233A281700DDBECB /* Release */ = {
			isa = XCBuildConfiguration;
			baseConfigurationReference = D01B1A165B3361DF7738BA8D /* Pods-StockFilter.release.xcconfig */;
			buildSettings = {
				ASSETCATALOG_COMPILER_APPICON_NAME = AppIcon;
				CODE_SIGN_STYLE = Automatic;
				DEVELOPMENT_TEAM = 89J6G3234Z;
				INFOPLIST_FILE = StockFilter/Info.plist;
				IPHONEOS_DEPLOYMENT_TARGET = 13.0;
				LD_RUNPATH_SEARCH_PATHS = (
					"$(inherited)",
					"@executable_path/Frameworks",
				);
				PRODUCT_BUNDLE_IDENTIFIER = com.metec.StockFilter;
				PRODUCT_NAME = "$(TARGET_NAME)";
				SWIFT_VERSION = 5.0;
				TARGETED_DEVICE_FAMILY = "1,2";
			};
			name = Release;
		};
		CA4F1BD4233A281700DDBECB /* Debug */ = {
			isa = XCBuildConfiguration;
			baseConfigurationReference = 528B3DA44731ECD2370FB290 /* Pods-StockFilterTests.debug.xcconfig */;
			buildSettings = {
				ALWAYS_EMBED_SWIFT_STANDARD_LIBRARIES = YES;
				BUNDLE_LOADER = "$(TEST_HOST)";
				CODE_SIGN_STYLE = Automatic;
				DEVELOPMENT_TEAM = 89J6G3234Z;
				INFOPLIST_FILE = StockFilterTests/Info.plist;
				IPHONEOS_DEPLOYMENT_TARGET = 13.0;
				LD_RUNPATH_SEARCH_PATHS = (
					"$(inherited)",
					"@executable_path/Frameworks",
					"@loader_path/Frameworks",
				);
				PRODUCT_BUNDLE_IDENTIFIER = com.metec.StockFilterTests;
				PRODUCT_NAME = "$(TARGET_NAME)";
				SWIFT_VERSION = 5.0;
				TARGETED_DEVICE_FAMILY = "1,2";
				TEST_HOST = "$(BUILT_PRODUCTS_DIR)/StockFilter.app/StockFilter";
			};
			name = Debug;
		};
		CA4F1BD5233A281700DDBECB /* Release */ = {
			isa = XCBuildConfiguration;
			baseConfigurationReference = 4F4AD06664B3503AF1F5C0CE /* Pods-StockFilterTests.release.xcconfig */;
			buildSettings = {
				ALWAYS_EMBED_SWIFT_STANDARD_LIBRARIES = YES;
				BUNDLE_LOADER = "$(TEST_HOST)";
				CODE_SIGN_STYLE = Automatic;
				DEVELOPMENT_TEAM = 89J6G3234Z;
				INFOPLIST_FILE = StockFilterTests/Info.plist;
				IPHONEOS_DEPLOYMENT_TARGET = 13.0;
				LD_RUNPATH_SEARCH_PATHS = (
					"$(inherited)",
					"@executable_path/Frameworks",
					"@loader_path/Frameworks",
				);
				PRODUCT_BUNDLE_IDENTIFIER = com.metec.StockFilterTests;
				PRODUCT_NAME = "$(TARGET_NAME)";
				SWIFT_VERSION = 5.0;
				TARGETED_DEVICE_FAMILY = "1,2";
				TEST_HOST = "$(BUILT_PRODUCTS_DIR)/StockFilter.app/StockFilter";
			};
			name = Release;
		};
/* End XCBuildConfiguration section */

/* Begin XCConfigurationList section */
		CA4F1BA9233A281400DDBECB /* Build configuration list for PBXProject "StockFilter" */ = {
			isa = XCConfigurationList;
			buildConfigurations = (
				CA4F1BCE233A281700DDBECB /* Debug */,
				CA4F1BCF233A281700DDBECB /* Release */,
			);
			defaultConfigurationIsVisible = 0;
			defaultConfigurationName = Release;
		};
		CA4F1BD0233A281700DDBECB /* Build configuration list for PBXNativeTarget "StockFilter" */ = {
			isa = XCConfigurationList;
			buildConfigurations = (
				CA4F1BD1233A281700DDBECB /* Debug */,
				CA4F1BD2233A281700DDBECB /* Release */,
			);
			defaultConfigurationIsVisible = 0;
			defaultConfigurationName = Release;
		};
		CA4F1BD3233A281700DDBECB /* Build configuration list for PBXNativeTarget "StockFilterTests" */ = {
			isa = XCConfigurationList;
			buildConfigurations = (
				CA4F1BD4233A281700DDBECB /* Debug */,
				CA4F1BD5233A281700DDBECB /* Release */,
			);
			defaultConfigurationIsVisible = 0;
			defaultConfigurationName = Release;
		};
/* End XCConfigurationList section */

/* Begin XCVersionGroup section */
		CA4F1BBA233A281500DDBECB /* StockFilter.xcdatamodeld */ = {
			isa = XCVersionGroup;
			children = (
				CA4F1BBB233A281500DDBECB /* StockFilter.xcdatamodel */,
			);
			currentVersion = CA4F1BBB233A281500DDBECB /* StockFilter.xcdatamodel */;
			path = StockFilter.xcdatamodeld;
			sourceTree = "<group>";
			versionGroupType = wrapper.xcdatamodel;
		};
/* End XCVersionGroup section */
	};
	rootObject = CA4F1BA6233A281400DDBECB /* Project object */;
}
